<?xml version="1.0" encoding="utf-8"?>
<Project ToolsVersion="4.0" xmlns="http://schemas.microsoft.com/developer/msbuild/2003">
  <ItemGroup>
    <Filter Include="Source Files">
      <UniqueIdentifier>{4FC737F1-C7A5-4376-A066-2A32D752A2FF}</UniqueIdentifier>
      <Extensions>cpp;cxx;c;def</Extensions>
    </Filter>
    <Filter Include="Header Files">
      <UniqueIdentifier>{93995380-89BD-4b04-88EB-625FBE52EBFB}</UniqueIdentifier>
      <Extensions>h</Extensions>
    </Filter>
    <Filter Include="Form Files">
      <UniqueIdentifier>{99349809-55BA-4b9d-BF79-8FDBB0286EB3}</UniqueIdentifier>
      <Extensions>ui</Extensions>
    </Filter>
    <Filter Include="Resource Files">
      <UniqueIdentifier>{D9D6E242-F8AF-46E4-B9FD-80ECBC20BA3E}</UniqueIdentifier>
      <Extensions>qrc;*</Extensions>
      <ParseFiles>false</ParseFiles>
    </Filter>
    <Filter Include="Generated Files">
      <UniqueIdentifier>{71ED8ED8-ACB9-4CE9-BBE1-E00B30144E11}</UniqueIdentifier>
      <Extensions>moc;h;cpp</Extensions>
      <SourceControlFiles>False</SourceControlFiles>
    </Filter>
    <Filter Include="Generated Files\Debug">
      <UniqueIdentifier>{866f3a2f-4bbf-4b5e-b774-e2afc4e8d3b0}</UniqueIdentifier>
      <Extensions>cpp;moc</Extensions>
      <SourceControlFiles>False</SourceControlFiles>
    </Filter>
    <Filter Include="Generated Files\Release">
      <UniqueIdentifier>{c0a31eac-8a96-4d6d-af66-ade6668ded88}</UniqueIdentifier>
      <Extensions>cpp;moc</Extensions>
      <SourceControlFiles>False</SourceControlFiles>
    </Filter>
    <Filter Include="CocosQtPort">
      <UniqueIdentifier>{7244bd17-efdc-496f-8692-fad1d3dc4770}</UniqueIdentifier>
    </Filter>
    <Filter Include="json">
      <UniqueIdentifier>{12fab33d-d73c-47d7-912e-8c6c49dbed35}</UniqueIdentifier>
    </Filter>
    <Filter Include="SQLite">
      <UniqueIdentifier>{f9e9a817-ec0e-49ad-aef9-10799f50f826}</UniqueIdentifier>
    </Filter>
  </ItemGroup>
  <ItemGroup>
    <ClCompile Include="GeneratedFiles\qrc_qtedit.cpp">
      <Filter>Generated Files</Filter>
    </ClCompile>
    <ClCompile Include="Classes\json\json_reader.cpp">
      <Filter>json</Filter>
    </ClCompile>
    <ClCompile Include="Classes\json\json_value.cpp">
      <Filter>json</Filter>
    </ClCompile>
    <ClCompile Include="Classes\json\json_writer.cpp">
      <Filter>json</Filter>
    </ClCompile>
    <ClCompile Include="Classes\SQLite\DBUtil.cpp">
      <Filter>SQLite</Filter>
    </ClCompile>
    <ClCompile Include="Classes\SQLite\shell.c">
      <Filter>SQLite</Filter>
    </ClCompile>
    <ClCompile Include="Classes\SQLite\sqlite3.c">
      <Filter>SQLite</Filter>
    </ClCompile>
    <ClCompile Include="Classes\SQLite\TableDetail.cpp">
      <Filter>SQLite</Filter>
    </ClCompile>
    <ClCompile Include="Classes\HelloWorldScene.cpp">
      <Filter>Source Files</Filter>
    </ClCompile>
    <ClCompile Include="main.cpp">
      <Filter>Source Files</Filter>
    </ClCompile>
    <ClCompile Include="Classes\qtedit.cpp">
      <Filter>Source Files</Filter>
    </ClCompile>
    <ClCompile Include="GeneratedFiles\Debug\moc_qtedit.cpp">
      <Filter>Generated Files\Debug</Filter>
    </ClCompile>
    <ClCompile Include="GeneratedFiles\Release\moc_qtedit.cpp">
      <Filter>Generated Files\Release</Filter>
    </ClCompile>
    <ClCompile Include="Classes\AppDelegate.cpp">
      <Filter>Source Files</Filter>
    </ClCompile>
    <ClCompile Include="Classes\ClickButton.cpp">
      <Filter>Source Files</Filter>
    </ClCompile>
    <ClCompile Include="GeneratedFiles\Debug\moc_ClickButton.cpp">
      <Filter>Generated Files\Debug</Filter>
    </ClCompile>
    <ClCompile Include="GeneratedFiles\Release\moc_ClickButton.cpp">
      <Filter>Generated Files\Release</Filter>
    </ClCompile>
    <ClCompile Include="Classes\DrawNodeVertices.cpp">
      <Filter>Source Files</Filter>
    </ClCompile>
    <ClCompile Include="Classes\MySpine.cpp">
      <Filter>Source Files</Filter>
    </ClCompile>
    <ClCompile Include="Classes\DrawNodeMath.cpp">
      <Filter>Source Files</Filter>
    </ClCompile>
    <ClCompile Include="Classes\MyLineVector.cpp">
      <Filter>Source Files</Filter>
    </ClCompile>
    <ClCompile Include="Classes\Export_Data.cpp">
      <Filter>Source Files</Filter>
    </ClCompile>
    <ClCompile Include="Classes\ByteArray.cpp">
      <Filter>Source Files</Filter>
    </ClCompile>
    <ClCompile Include="Classes\StringUtil.cpp">
      <Filter>Source Files</Filter>
    </ClCompile>
    <ClCompile Include="Classes\DrawLayer.cpp">
      <Filter>Source Files</Filter>
    </ClCompile>
    <ClCompile Include="Classes\CocosQtPort\CCQApplication.cpp">
      <Filter>CocosQtPort</Filter>
    </ClCompile>
    <ClCompile Include="GeneratedFiles\Debug\moc_CCQApplication.cpp">
      <Filter>Generated Files\Debug</Filter>
    </ClCompile>
    <ClCompile Include="GeneratedFiles\Release\moc_CCQApplication.cpp">
      <Filter>Generated Files\Release</Filter>
    </ClCompile>
    <ClCompile Include="Classes\CocosQtPort\CCQGLView.cpp">
      <Filter>CocosQtPort</Filter>
    </ClCompile>
    <ClCompile Include="Classes\CocosQtPort\CCQGLWidget.cpp">
      <Filter>CocosQtPort</Filter>
    </ClCompile>
    <ClCompile Include="GeneratedFiles\Debug\moc_CCQGLWidget.cpp">
      <Filter>Generated Files\Debug</Filter>
    </ClCompile>
    <ClCompile Include="GeneratedFiles\Release\moc_CCQGLWidget.cpp">
      <Filter>Generated Files\Release</Filter>
    </ClCompile>
    <ClCompile Include="Classes\SpineIncl.cpp">
      <Filter>Source Files</Filter>
    </ClCompile>
  </ItemGroup>
  <ItemGroup>
    <CustomBuild Include="qtedit.ui">
      <Filter>Form Files</Filter>
    </CustomBuild>
    <CustomBuild Include="qtedit.qrc">
      <Filter>Resource Files</Filter>
    </CustomBuild>
    <CustomBuild Include="Classes\qtedit.h">
      <Filter>Source Files</Filter>
    </CustomBuild>
    <CustomBuild Include="Classes\ClickButton.h">
      <Filter>Source Files</Filter>
    </CustomBuild>
    <CustomBuild Include="Classes\CocosQtPort\CCQApplication.h">
      <Filter>CocosQtPort</Filter>
    </CustomBuild>
    <CustomBuild Include="Classes\CocosQtPort\CCQGLWidget.h">
      <Filter>CocosQtPort</Filter>
    </CustomBuild>
  </ItemGroup>
  <ItemGroup>
    <ClInclude Include="GeneratedFiles\ui_qtedit.h">
      <Filter>Generated Files</Filter>
    </ClInclude>
    <ClInclude Include="Classes\json\autolink.h">
      <Filter>json</Filter>
    </ClInclude>
    <ClInclude Include="Classes\json\config.h">
      <Filter>json</Filter>
    </ClInclude>
    <ClInclude Include="Classes\json\features.h">
      <Filter>json</Filter>
    </ClInclude>
    <ClInclude Include="Classes\json\forwards.h">
      <Filter>json</Filter>
    </ClInclude>
    <ClInclude Include="Classes\json\json.h">
      <Filter>json</Filter>
    </ClInclude>
    <ClInclude Include="Classes\json\json_batchallocator.h">
      <Filter>json</Filter>
    </ClInclude>
    <ClInclude Include="Classes\json\reader.h">
      <Filter>json</Filter>
    </ClInclude>
    <ClInclude Include="Classes\json\value.h">
      <Filter>json</Filter>
    </ClInclude>
    <ClInclude Include="Classes\json\writer.h">
      <Filter>json</Filter>
    </ClInclude>
    <ClInclude Include="Classes\SQLite\DBUtil.h">
      <Filter>SQLite</Filter>
    </ClInclude>
    <ClInclude Include="Classes\SQLite\sqlite3.h">
      <Filter>SQLite</Filter>
    </ClInclude>
    <ClInclude Include="Classes\SQLite\sqlite3ext.h">
      <Filter>SQLite</Filter>
    </ClInclude>
    <ClInclude Include="Classes\SQLite\TableDetail.h">
      <Filter>SQLite</Filter>
    </ClInclude>
    <ClInclude Include="Classes\HelloWorldScene.h">
      <Filter>Source Files</Filter>
    </ClInclude>
    <ClInclude Include="Classes\AppDelegate.h">
      <Filter>Source Files</Filter>
    </ClInclude>
    <ClInclude Include="Classes\MyConfig.h">
      <Filter>Source Files</Filter>
    </ClInclude>
    <ClInclude Include="Classes\DrawNodeVertices.h">
      <Filter>Source Files</Filter>
    </ClInclude>
    <ClInclude Include="Classes\MySpine.h">
      <Filter>Source Files</Filter>
    </ClInclude>
    <ClInclude Include="Classes\DrawNodeMath.h">
      <Filter>Source Files</Filter>
    </ClInclude>
    <ClInclude Include="Classes\MyLineVector.h">
      <Filter>Source Files</Filter>
    </ClInclude>
    <ClInclude Include="Classes\Export_Data.h">
      <Filter>Source Files</Filter>
    </ClInclude>
    <ClInclude Include="Classes\ByteArray.h">
      <Filter>Source Files</Filter>
    </ClInclude>
    <ClInclude Include="Classes\StringUtil.h">
      <Filter>Source Files</Filter>
    </ClInclude>
    <ClInclude Include="Classes\DrawLayer.h">
      <Filter>Source Files</Filter>
    </ClInclude>
    <ClInclude Include="Classes\CocosQtPort\CCQGLView.h">
      <Filter>CocosQtPort</Filter>
    </ClInclude>
    <ClInclude Include="Classes\SpineIncl.h">
      <Filter>Source Files</Filter>
    </ClInclude>
  </ItemGroup>
  <ItemGroup>
    <None Include="Classes\json\json_internalarray.inl">
      <Filter>json</Filter>
    </None>
    <None Include="Classes\json\json_internalmap.inl">
      <Filter>json</Filter>
    </None>
    <None Include="Classes\json\json_valueiterator.inl">
      <Filter>json</Filter>
    </None>
    <None Include="Classes\json\sconscript">
      <Filter>json</Filter>
    </None>
  </ItemGroup>
</Project>