<?xml version="1.0" encoding="utf-8"?>
<Project ToolsVersion="4.0" xmlns="http://schemas.microsoft.com/developer/msbuild/2003">
  <ItemGroup>
    <Filter Include="Source Files">
      <UniqueIdentifier>{4FC737F1-C7A5-4376-A066-2A32D752A2FF}</UniqueIdentifier>
      <Extensions>cpp;cxx;c;def</Extensions>
    </Filter>
    <Filter Include="Header Files">
      <UniqueIdentifier>{93995380-89BD-4b04-88EB-625FBE52EBFB}</UniqueIdentifier>
      <Extensions>h</Extensions>
    </Filter>
    <Filter Include="Form Files">
      <UniqueIdentifier>{99349809-55BA-4b9d-BF79-8FDBB0286EB3}</UniqueIdentifier>
      <Extensions>ui</Extensions>
    </Filter>
    <Filter Include="Resource Files">
      <UniqueIdentifier>{D9D6E242-F8AF-46E4-B9FD-80ECBC20BA3E}</UniqueIdentifier>
      <Extensions>qrc;*</Extensions>
      <ParseFiles>false</ParseFiles>
    </Filter>
    <Filter Include="Generated Files">
      <UniqueIdentifier>{71ED8ED8-ACB9-4CE9-BBE1-E00B30144E11}</UniqueIdentifier>
      <Extensions>moc;h;cpp</Extensions>
      <SourceControlFiles>False</SourceControlFiles>
    </Filter>
    <Filter Include="Generated Files\Debug">
      <UniqueIdentifier>{1d13fd9e-27de-423f-bb69-7288c314e1ff}</UniqueIdentifier>
      <Extensions>cpp;moc</Extensions>
      <SourceControlFiles>False</SourceControlFiles>
    </Filter>
    <Filter Include="Generated Files\Release">
      <UniqueIdentifier>{1bcd1140-502c-46a8-9020-4961dde1ee16}</UniqueIdentifier>
      <Extensions>cpp;moc</Extensions>
      <SourceControlFiles>False</SourceControlFiles>
    </Filter>
    <Filter Include="JSON">
      <UniqueIdentifier>{0fa812f2-bc0a-4d61-a4b7-6a5750bfcbe9}</UniqueIdentifier>
    </Filter>
    <Filter Include="SQLite">
      <UniqueIdentifier>{e9537f94-7d99-4b5e-923b-7512ccc58a0b}</UniqueIdentifier>
    </Filter>
    <Filter Include="CocosQtPort">
      <UniqueIdentifier>{4a4fece8-ced7-438e-8858-b66a6ce4d0f5}</UniqueIdentifier>
    </Filter>
  </ItemGroup>
  <ItemGroup>
    <ClCompile Include="GeneratedFiles\qrc_qtedit.cpp">
      <Filter>Generated Files</Filter>
    </ClCompile>
    <ClCompile Include="Classes\json\json_reader.cpp">
      <Filter>JSON</Filter>
    </ClCompile>
    <ClCompile Include="Classes\json\json_value.cpp">
      <Filter>JSON</Filter>
    </ClCompile>
    <ClCompile Include="Classes\json\json_writer.cpp">
      <Filter>JSON</Filter>
    </ClCompile>
    <ClCompile Include="Classes\SQLite\DBUtil.cpp">
      <Filter>SQLite</Filter>
    </ClCompile>
    <ClCompile Include="Classes\SQLite\shell.c">
      <Filter>SQLite</Filter>
    </ClCompile>
    <ClCompile Include="Classes\SQLite\sqlite3.c">
      <Filter>SQLite</Filter>
    </ClCompile>
    <ClCompile Include="Classes\SQLite\TableDetail.cpp">
      <Filter>SQLite</Filter>
    </ClCompile>
    <ClCompile Include="Classes\CocosQtPort\CCQApplication.cpp">
      <Filter>CocosQtPort</Filter>
    </ClCompile>
    <ClCompile Include="GeneratedFiles\Debug\moc_CCQApplication.cpp">
      <Filter>Generated Files\Debug</Filter>
    </ClCompile>
    <ClCompile Include="GeneratedFiles\Release\moc_CCQApplication.cpp">
      <Filter>Generated Files\Release</Filter>
    </ClCompile>
    <ClCompile Include="Classes\CocosQtPort\CCQGLView.cpp">
      <Filter>CocosQtPort</Filter>
    </ClCompile>
    <ClCompile Include="Classes\CocosQtPort\CCQGLWidget.cpp">
      <Filter>CocosQtPort</Filter>
    </ClCompile>
    <ClCompile Include="GeneratedFiles\Debug\moc_CCQGLWidget.cpp">
      <Filter>Generated Files\Debug</Filter>
    </ClCompile>
    <ClCompile Include="GeneratedFiles\Release\moc_CCQGLWidget.cpp">
      <Filter>Generated Files\Release</Filter>
    </ClCompile>
    <ClCompile Include="Classes\ActionLayer.cpp">
      <Filter>Source Files</Filter>
    </ClCompile>
    <ClCompile Include="Classes\AppDelegate.cpp">
      <Filter>Source Files</Filter>
    </ClCompile>
    <ClCompile Include="Classes\ByteArray.cpp">
      <Filter>Source Files</Filter>
    </ClCompile>
    <ClCompile Include="Classes\DrawRectLayer.cpp">
      <Filter>Source Files</Filter>
    </ClCompile>
    <ClCompile Include="Classes\Export_Data.cpp">
      <Filter>Source Files</Filter>
    </ClCompile>
    <ClCompile Include="Classes\HelloWorldScene.cpp">
      <Filter>Source Files</Filter>
    </ClCompile>
    <ClCompile Include="Classes\LinesPoint.cpp">
      <Filter>Source Files</Filter>
    </ClCompile>
    <ClCompile Include="Classes\MyDrawNode.cpp">
      <Filter>Source Files</Filter>
    </ClCompile>
    <ClCompile Include="Classes\MySpine.cpp">
      <Filter>Source Files</Filter>
    </ClCompile>
    <ClCompile Include="Classes\MySpritePoint.cpp">
      <Filter>Source Files</Filter>
    </ClCompile>
    <ClCompile Include="Classes\MySprites.cpp">
      <Filter>Source Files</Filter>
    </ClCompile>
    <ClCompile Include="Classes\mythisSprite.cpp">
      <Filter>Source Files</Filter>
    </ClCompile>
    <ClCompile Include="Classes\MyVector.cpp">
      <Filter>Source Files</Filter>
    </ClCompile>
    <ClCompile Include="Classes\QtButton.cpp">
      <Filter>Source Files</Filter>
    </ClCompile>
    <ClCompile Include="GeneratedFiles\Debug\moc_QtButton.cpp">
      <Filter>Generated Files\Debug</Filter>
    </ClCompile>
    <ClCompile Include="GeneratedFiles\Release\moc_QtButton.cpp">
      <Filter>Generated Files\Release</Filter>
    </ClCompile>
    <ClCompile Include="Classes\qtedit.cpp">
      <Filter>Source Files</Filter>
    </ClCompile>
    <ClCompile Include="GeneratedFiles\Debug\moc_qtedit.cpp">
      <Filter>Generated Files\Debug</Filter>
    </ClCompile>
    <ClCompile Include="GeneratedFiles\Release\moc_qtedit.cpp">
      <Filter>Generated Files\Release</Filter>
    </ClCompile>
    <ClCompile Include="Classes\StringUtil.cpp">
      <Filter>Source Files</Filter>
    </ClCompile>
    <ClCompile Include="main.cpp">
      <Filter>Source Files</Filter>
    </ClCompile>
  </ItemGroup>
  <ItemGroup>
    <ClInclude Include="Classes\json\autolink.h">
      <Filter>JSON</Filter>
    </ClInclude>
    <ClInclude Include="Classes\json\config.h">
      <Filter>JSON</Filter>
    </ClInclude>
    <ClInclude Include="Classes\json\features.h">
      <Filter>JSON</Filter>
    </ClInclude>
    <ClInclude Include="Classes\json\forwards.h">
      <Filter>JSON</Filter>
    </ClInclude>
    <ClInclude Include="Classes\json\json.h">
      <Filter>JSON</Filter>
    </ClInclude>
    <ClInclude Include="Classes\json\json_batchallocator.h">
      <Filter>JSON</Filter>
    </ClInclude>
    <ClInclude Include="Classes\json\reader.h">
      <Filter>JSON</Filter>
    </ClInclude>
    <ClInclude Include="Classes\json\value.h">
      <Filter>JSON</Filter>
    </ClInclude>
    <ClInclude Include="Classes\json\writer.h">
      <Filter>JSON</Filter>
    </ClInclude>
    <ClInclude Include="Classes\SQLite\DBUtil.h">
      <Filter>SQLite</Filter>
    </ClInclude>
    <ClInclude Include="Classes\SQLite\sqlite3.h">
      <Filter>SQLite</Filter>
    </ClInclude>
    <ClInclude Include="Classes\SQLite\sqlite3ext.h">
      <Filter>SQLite</Filter>
    </ClInclude>
    <ClInclude Include="Classes\SQLite\TableDetail.h">
      <Filter>SQLite</Filter>
    </ClInclude>
    <ClInclude Include="Classes\CocosQtPort\CCQGLView.h">
      <Filter>CocosQtPort</Filter>
    </ClInclude>
    <ClInclude Include="Classes\ActionLayer.h">
      <Filter>Source Files</Filter>
    </ClInclude>
    <ClInclude Include="Classes\AppDelegate.h">
      <Filter>Source Files</Filter>
    </ClInclude>
    <ClInclude Include="Classes\ByteArray.h">
      <Filter>Source Files</Filter>
    </ClInclude>
    <ClInclude Include="Classes\DrawRectLayer.h">
      <Filter>Source Files</Filter>
    </ClInclude>
    <ClInclude Include="Classes\Export_Data.h">
      <Filter>Source Files</Filter>
    </ClInclude>
    <ClInclude Include="Classes\HelloWorldScene.h">
      <Filter>Source Files</Filter>
    </ClInclude>
    <ClInclude Include="Classes\LinesPoint.h">
      <Filter>Source Files</Filter>
    </ClInclude>
    <ClInclude Include="Classes\MyConfig.h">
      <Filter>Source Files</Filter>
    </ClInclude>
    <ClInclude Include="Classes\MyDrawNode.h">
      <Filter>Source Files</Filter>
    </ClInclude>
    <ClInclude Include="Classes\MySpine.h">
      <Filter>Source Files</Filter>
    </ClInclude>
    <ClInclude Include="Classes\MySpritePoint.h">
      <Filter>Source Files</Filter>
    </ClInclude>
    <ClInclude Include="Classes\MySprites.h">
      <Filter>Source Files</Filter>
    </ClInclude>
    <ClInclude Include="Classes\mythisSprite.h">
      <Filter>Source Files</Filter>
    </ClInclude>
    <ClInclude Include="Classes\MyVector.h">
      <Filter>Source Files</Filter>
    </ClInclude>
    <ClInclude Include="GeneratedFiles\ui_qtedit.h">
      <Filter>Generated Files</Filter>
    </ClInclude>
    <ClInclude Include="Classes\StringUtil.h">
      <Filter>Source Files</Filter>
    </ClInclude>
  </ItemGroup>
  <ItemGroup>
    <CustomBuild Include="Classes\qtedit.qrc">
      <Filter>Resource Files</Filter>
    </CustomBuild>
    <CustomBuild Include="Classes\CocosQtPort\CCQApplication.h">
      <Filter>CocosQtPort</Filter>
    </CustomBuild>
    <CustomBuild Include="Classes\CocosQtPort\CCQGLWidget.h">
      <Filter>CocosQtPort</Filter>
    </CustomBuild>
    <CustomBuild Include="Classes\QtButton.h">
      <Filter>Source Files</Filter>
    </CustomBuild>
    <CustomBuild Include="Classes\qtedit.h">
      <Filter>Source Files</Filter>
    </CustomBuild>
    <CustomBuild Include="Classes\qtedit.ui">
      <Filter>Source Files</Filter>
    </CustomBuild>
  </ItemGroup>
  <ItemGroup>
    <None Include="Classes\json\json_internalarray.inl">
      <Filter>JSON</Filter>
    </None>
    <None Include="Classes\json\json_internalmap.inl">
      <Filter>JSON</Filter>
    </None>
    <None Include="Classes\json\json_valueiterator.inl">
      <Filter>JSON</Filter>
    </None>
    <None Include="Classes\json\sconscript">
      <Filter>JSON</Filter>
    </None>
    <None Include="Classes\QtEdit.aps">
      <Filter>Source Files</Filter>
    </None>
  </ItemGroup>
</Project>